
Microsoft Visual Studio Solution File, Format Version 12.00
# Visual Studio 15
VisualStudioVersion = 15.0.27130.2010
MinimumVisualStudioVersion = 10.0.40219.1
Project("{9A19103F-16F7-4668-BE54-9A1E7A4F7556}") = "DomainInterfaces", "DomainInterfaces\DomainInterfaces.csproj", "{BAA3DA66-A5E9-4643-93E2-A053A13EBDB0}"
EndProject
Project("{FAE04EC0-301F-11D3-BF4B-00C04F79EFBC}") = "Domain.Tests", "Domain.Tests\Domain.Tests.csproj", "{19FF2EAC-710D-4DEE-ACB2-8835FBFE2F8A}"
EndProject
Project("{2150E333-8FDC-42A3-9474-1A3956D46DE8}") = "DomainElements", "DomainElements", "{63968A28-787B-4411-A05E-EBF3D6A7A8E6}"
EndProject
Project("{FAE04EC0-301F-11D3-BF4B-00C04F79EFBC}") = "CoreDomain", "CoreDomain\CoreDomain.csproj", "{40E9D78F-5AEA-4B6C-A16B-02E764CCB3BB}"
EndProject
Project("{2150E333-8FDC-42A3-9474-1A3956D46DE8}") = "ApplicationServices", "ApplicationServices", "{329ACF41-3F1B-42DF-9804-2B1FAA9F3192}"
EndProject
Project("{FAE04EC0-301F-11D3-BF4B-00C04F79EFBC}") = "PushUp.Application", "PushUp.Application\PushUp.Application.csproj", "{44A007F5-0BDA-466D-956F-142426E5D707}"
EndProject
Project("{FAE04EC0-301F-11D3-BF4B-00C04F79EFBC}") = "ApplicationInterfaces", "ApplicationInterfaces\ApplicationInterfaces.csproj", "{3E6DE48D-739B-4814-A8F3-C892CAC0D760}"
EndProject
Project("{FAE04EC0-301F-11D3-BF4B-00C04F79EFBC}") = "StorageInterfaces", "StorageInterfaces\StorageInterfaces.csproj", "{870CB858-6767-49FE-BFDB-C2DCA21B7746}"
EndProject
Project("{FAE04EC0-301F-11D3-BF4B-00C04F79EFBC}") = "Repositories", "Repositories\Repositories.csproj", "{8A55A9B9-12EE-449A-8E19-4E1568375EFC}"
EndProject
Project("{FAE04EC0-301F-11D3-BF4B-00C04F79EFBC}") = "ViewModels", "ViewModels\ViewModels.csproj", "{366C162F-8BE0-4236-A425-9DBA3AC5EACF}"
EndProject
Project("{FAE04EC0-301F-11D3-BF4B-00C04F79EFBC}") = "PushupAndroid", "PushupAndroid\PushupAndroid.csproj", "{5F389488-9B8F-4DAD-A151-2479FA506096}"
EndProject
Project("{FAE04EC0-301F-11D3-BF4B-00C04F79EFBC}") = "PushupAndroid.TestRepository", "PushupAndroid.TestRepository\PushupAndroid.TestRepository.csproj", "{585623C2-213E-4E22-B8CA-DFBC14E1CFBB}"
EndProject
Project("{FAE04EC0-301F-11D3-BF4B-00C04F79EFBC}") = "PushupAndroid.UiTest", "PushupAndroid.UiTest\PushupAndroid.UiTest.csproj", "{D74C8EB0-EB83-4EB1-A05A-E453525F2FA8}"
EndProject
Project("{FAE04EC0-301F-11D3-BF4B-00C04F79EFBC}") = "PushUp.Application.Test", "PushUp.Application.Test\PushUp.Application.Test.csproj", "{3A358217-F97A-4F30-963B-53C252A44C38}"
EndProject
Global
	GlobalSection(SolutionConfigurationPlatforms) = preSolution
		Alpha|Any CPU = Alpha|Any CPU
		Beta|Any CPU = Beta|Any CPU
		Debug|Any CPU = Debug|Any CPU
		Release|Any CPU = Release|Any CPU
		Test|Any CPU = Test|Any CPU
	EndGlobalSection
	GlobalSection(ProjectConfigurationPlatforms) = postSolution
		{BAA3DA66-A5E9-4643-93E2-A053A13EBDB0}.Alpha|Any CPU.ActiveCfg = Alpha|Any CPU
		{BAA3DA66-A5E9-4643-93E2-A053A13EBDB0}.Alpha|Any CPU.Build.0 = Alpha|Any CPU
		{BAA3DA66-A5E9-4643-93E2-A053A13EBDB0}.Beta|Any CPU.ActiveCfg = Beta|Any CPU
		{BAA3DA66-A5E9-4643-93E2-A053A13EBDB0}.Beta|Any CPU.Build.0 = Beta|Any CPU
		{BAA3DA66-A5E9-4643-93E2-A053A13EBDB0}.Debug|Any CPU.ActiveCfg = Debug|Any CPU
		{BAA3DA66-A5E9-4643-93E2-A053A13EBDB0}.Debug|Any CPU.Build.0 = Debug|Any CPU
		{BAA3DA66-A5E9-4643-93E2-A053A13EBDB0}.Release|Any CPU.ActiveCfg = Release|Any CPU
		{BAA3DA66-A5E9-4643-93E2-A053A13EBDB0}.Release|Any CPU.Build.0 = Release|Any CPU
		{BAA3DA66-A5E9-4643-93E2-A053A13EBDB0}.Test|Any CPU.ActiveCfg = Test|Any CPU
		{BAA3DA66-A5E9-4643-93E2-A053A13EBDB0}.Test|Any CPU.Build.0 = Test|Any CPU
		{19FF2EAC-710D-4DEE-ACB2-8835FBFE2F8A}.Alpha|Any CPU.ActiveCfg = Alpha|Any CPU
		{19FF2EAC-710D-4DEE-ACB2-8835FBFE2F8A}.Alpha|Any CPU.Build.0 = Alpha|Any CPU
		{19FF2EAC-710D-4DEE-ACB2-8835FBFE2F8A}.Beta|Any CPU.ActiveCfg = Beta|Any CPU
		{19FF2EAC-710D-4DEE-ACB2-8835FBFE2F8A}.Beta|Any CPU.Build.0 = Beta|Any CPU
		{19FF2EAC-710D-4DEE-ACB2-8835FBFE2F8A}.Debug|Any CPU.ActiveCfg = Debug|Any CPU
		{19FF2EAC-710D-4DEE-ACB2-8835FBFE2F8A}.Debug|Any CPU.Build.0 = Debug|Any CPU
		{19FF2EAC-710D-4DEE-ACB2-8835FBFE2F8A}.Release|Any CPU.ActiveCfg = Release|Any CPU
		{19FF2EAC-710D-4DEE-ACB2-8835FBFE2F8A}.Release|Any CPU.Build.0 = Release|Any CPU
		{19FF2EAC-710D-4DEE-ACB2-8835FBFE2F8A}.Test|Any CPU.ActiveCfg = Test|Any CPU
		{19FF2EAC-710D-4DEE-ACB2-8835FBFE2F8A}.Test|Any CPU.Build.0 = Test|Any CPU
		{40E9D78F-5AEA-4B6C-A16B-02E764CCB3BB}.Alpha|Any CPU.ActiveCfg = Alpha|Any CPU
		{40E9D78F-5AEA-4B6C-A16B-02E764CCB3BB}.Alpha|Any CPU.Build.0 = Alpha|Any CPU
		{40E9D78F-5AEA-4B6C-A16B-02E764CCB3BB}.Beta|Any CPU.ActiveCfg = Beta|Any CPU
		{40E9D78F-5AEA-4B6C-A16B-02E764CCB3BB}.Beta|Any CPU.Build.0 = Beta|Any CPU
		{40E9D78F-5AEA-4B6C-A16B-02E764CCB3BB}.Debug|Any CPU.ActiveCfg = Debug|Any CPU
		{40E9D78F-5AEA-4B6C-A16B-02E764CCB3BB}.Debug|Any CPU.Build.0 = Debug|Any CPU
		{40E9D78F-5AEA-4B6C-A16B-02E764CCB3BB}.Release|Any CPU.ActiveCfg = Release|Any CPU
		{40E9D78F-5AEA-4B6C-A16B-02E764CCB3BB}.Release|Any CPU.Build.0 = Release|Any CPU
		{40E9D78F-5AEA-4B6C-A16B-02E764CCB3BB}.Test|Any CPU.ActiveCfg = Test|Any CPU
		{40E9D78F-5AEA-4B6C-A16B-02E764CCB3BB}.Test|Any CPU.Build.0 = Test|Any CPU
		{44A007F5-0BDA-466D-956F-142426E5D707}.Alpha|Any CPU.ActiveCfg = Alpha|Any CPU
		{44A007F5-0BDA-466D-956F-142426E5D707}.Alpha|Any CPU.Build.0 = Alpha|Any CPU
		{44A007F5-0BDA-466D-956F-142426E5D707}.Beta|Any CPU.ActiveCfg = Beta|Any CPU
		{44A007F5-0BDA-466D-956F-142426E5D707}.Beta|Any CPU.Build.0 = Beta|Any CPU
		{44A007F5-0BDA-466D-956F-142426E5D707}.Debug|Any CPU.ActiveCfg = Debug|Any CPU
		{44A007F5-0BDA-466D-956F-142426E5D707}.Debug|Any CPU.Build.0 = Debug|Any CPU
		{44A007F5-0BDA-466D-956F-142426E5D707}.Release|Any CPU.ActiveCfg = Release|Any CPU
		{44A007F5-0BDA-466D-956F-142426E5D707}.Release|Any CPU.Build.0 = Release|Any CPU
		{44A007F5-0BDA-466D-956F-142426E5D707}.Test|Any CPU.ActiveCfg = Test|Any CPU
		{44A007F5-0BDA-466D-956F-142426E5D707}.Test|Any CPU.Build.0 = Test|Any CPU
		{3E6DE48D-739B-4814-A8F3-C892CAC0D760}.Alpha|Any CPU.ActiveCfg = Alpha|Any CPU
		{3E6DE48D-739B-4814-A8F3-C892CAC0D760}.Alpha|Any CPU.Build.0 = Alpha|Any CPU
		{3E6DE48D-739B-4814-A8F3-C892CAC0D760}.Beta|Any CPU.ActiveCfg = Beta|Any CPU
		{3E6DE48D-739B-4814-A8F3-C892CAC0D760}.Beta|Any CPU.Build.0 = Beta|Any CPU
		{3E6DE48D-739B-4814-A8F3-C892CAC0D760}.Debug|Any CPU.ActiveCfg = Debug|Any CPU
		{3E6DE48D-739B-4814-A8F3-C892CAC0D760}.Debug|Any CPU.Build.0 = Debug|Any CPU
		{3E6DE48D-739B-4814-A8F3-C892CAC0D760}.Release|Any CPU.ActiveCfg = Release|Any CPU
		{3E6DE48D-739B-4814-A8F3-C892CAC0D760}.Release|Any CPU.Build.0 = Release|Any CPU
		{3E6DE48D-739B-4814-A8F3-C892CAC0D760}.Test|Any CPU.ActiveCfg = Test|Any CPU
		{3E6DE48D-739B-4814-A8F3-C892CAC0D760}.Test|Any CPU.Build.0 = Test|Any CPU
		{870CB858-6767-49FE-BFDB-C2DCA21B7746}.Alpha|Any CPU.ActiveCfg = Alpha|Any CPU
		{870CB858-6767-49FE-BFDB-C2DCA21B7746}.Alpha|Any CPU.Build.0 = Alpha|Any CPU
		{870CB858-6767-49FE-BFDB-C2DCA21B7746}.Beta|Any CPU.ActiveCfg = Beta|Any CPU
		{870CB858-6767-49FE-BFDB-C2DCA21B7746}.Beta|Any CPU.Build.0 = Beta|Any CPU
		{870CB858-6767-49FE-BFDB-C2DCA21B7746}.Debug|Any CPU.ActiveCfg = Debug|Any CPU
		{870CB858-6767-49FE-BFDB-C2DCA21B7746}.Debug|Any CPU.Build.0 = Debug|Any CPU
		{870CB858-6767-49FE-BFDB-C2DCA21B7746}.Release|Any CPU.ActiveCfg = Release|Any CPU
		{870CB858-6767-49FE-BFDB-C2DCA21B7746}.Release|Any CPU.Build.0 = Release|Any CPU
		{870CB858-6767-49FE-BFDB-C2DCA21B7746}.Test|Any CPU.ActiveCfg = Test|Any CPU
		{870CB858-6767-49FE-BFDB-C2DCA21B7746}.Test|Any CPU.Build.0 = Test|Any CPU
		{8A55A9B9-12EE-449A-8E19-4E1568375EFC}.Alpha|Any CPU.ActiveCfg = Alpha|Any CPU
		{8A55A9B9-12EE-449A-8E19-4E1568375EFC}.Alpha|Any CPU.Build.0 = Alpha|Any CPU
		{8A55A9B9-12EE-449A-8E19-4E1568375EFC}.Beta|Any CPU.ActiveCfg = Beta|Any CPU
		{8A55A9B9-12EE-449A-8E19-4E1568375EFC}.Beta|Any CPU.Build.0 = Beta|Any CPU
		{8A55A9B9-12EE-449A-8E19-4E1568375EFC}.Debug|Any CPU.ActiveCfg = Debug|Any CPU
		{8A55A9B9-12EE-449A-8E19-4E1568375EFC}.Debug|Any CPU.Build.0 = Debug|Any CPU
		{8A55A9B9-12EE-449A-8E19-4E1568375EFC}.Release|Any CPU.ActiveCfg = Release|Any CPU
		{8A55A9B9-12EE-449A-8E19-4E1568375EFC}.Release|Any CPU.Build.0 = Release|Any CPU
		{8A55A9B9-12EE-449A-8E19-4E1568375EFC}.Test|Any CPU.ActiveCfg = Test|Any CPU
		{8A55A9B9-12EE-449A-8E19-4E1568375EFC}.Test|Any CPU.Build.0 = Test|Any CPU
		{366C162F-8BE0-4236-A425-9DBA3AC5EACF}.Alpha|Any CPU.ActiveCfg = Alpha|Any CPU
		{366C162F-8BE0-4236-A425-9DBA3AC5EACF}.Alpha|Any CPU.Build.0 = Alpha|Any CPU
		{366C162F-8BE0-4236-A425-9DBA3AC5EACF}.Beta|Any CPU.ActiveCfg = Beta|Any CPU
		{366C162F-8BE0-4236-A425-9DBA3AC5EACF}.Beta|Any CPU.Build.0 = Beta|Any CPU
		{366C162F-8BE0-4236-A425-9DBA3AC5EACF}.Debug|Any CPU.ActiveCfg = Debug|Any CPU
		{366C162F-8BE0-4236-A425-9DBA3AC5EACF}.Debug|Any CPU.Build.0 = Debug|Any CPU
		{366C162F-8BE0-4236-A425-9DBA3AC5EACF}.Release|Any CPU.ActiveCfg = Release|Any CPU
		{366C162F-8BE0-4236-A425-9DBA3AC5EACF}.Release|Any CPU.Build.0 = Release|Any CPU
		{366C162F-8BE0-4236-A425-9DBA3AC5EACF}.Test|Any CPU.ActiveCfg = Test|Any CPU
		{366C162F-8BE0-4236-A425-9DBA3AC5EACF}.Test|Any CPU.Build.0 = Test|Any CPU
		{5F389488-9B8F-4DAD-A151-2479FA506096}.Alpha|Any CPU.ActiveCfg = Alpha|Any CPU
		{5F389488-9B8F-4DAD-A151-2479FA506096}.Alpha|Any CPU.Build.0 = Alpha|Any CPU
		{5F389488-9B8F-4DAD-A151-2479FA506096}.Alpha|Any CPU.Deploy.0 = Alpha|Any CPU
		{5F389488-9B8F-4DAD-A151-2479FA506096}.Beta|Any CPU.ActiveCfg = Beta|Any CPU
		{5F389488-9B8F-4DAD-A151-2479FA506096}.Beta|Any CPU.Build.0 = Beta|Any CPU
		{5F389488-9B8F-4DAD-A151-2479FA506096}.Beta|Any CPU.Deploy.0 = Beta|Any CPU
		{5F389488-9B8F-4DAD-A151-2479FA506096}.Debug|Any CPU.ActiveCfg = Debug|Any CPU
		{5F389488-9B8F-4DAD-A151-2479FA506096}.Debug|Any CPU.Build.0 = Debug|Any CPU
		{5F389488-9B8F-4DAD-A151-2479FA506096}.Debug|Any CPU.Deploy.0 = Debug|Any CPU
		{5F389488-9B8F-4DAD-A151-2479FA506096}.Release|Any CPU.ActiveCfg = Release|Any CPU
		{5F389488-9B8F-4DAD-A151-2479FA506096}.Release|Any CPU.Build.0 = Release|Any CPU
		{5F389488-9B8F-4DAD-A151-2479FA506096}.Release|Any CPU.Deploy.0 = Release|Any CPU
		{5F389488-9B8F-4DAD-A151-2479FA506096}.Test|Any CPU.ActiveCfg = Test|Any CPU
		{5F389488-9B8F-4DAD-A151-2479FA506096}.Test|Any CPU.Build.0 = Test|Any CPU
		{5F389488-9B8F-4DAD-A151-2479FA506096}.Test|Any CPU.Deploy.0 = Test|Any CPU
		{585623C2-213E-4E22-B8CA-DFBC14E1CFBB}.Alpha|Any CPU.ActiveCfg = Release|Any CPU
		{585623C2-213E-4E22-B8CA-DFBC14E1CFBB}.Alpha|Any CPU.Build.0 = Release|Any CPU
		{585623C2-213E-4E22-B8CA-DFBC14E1CFBB}.Beta|Any CPU.ActiveCfg = Release|Any CPU
		{585623C2-213E-4E22-B8CA-DFBC14E1CFBB}.Beta|Any CPU.Build.0 = Release|Any CPU
		{585623C2-213E-4E22-B8CA-DFBC14E1CFBB}.Debug|Any CPU.ActiveCfg = Debug|Any CPU
		{585623C2-213E-4E22-B8CA-DFBC14E1CFBB}.Debug|Any CPU.Build.0 = Debug|Any CPU
		{585623C2-213E-4E22-B8CA-DFBC14E1CFBB}.Release|Any CPU.ActiveCfg = Release|Any CPU
		{585623C2-213E-4E22-B8CA-DFBC14E1CFBB}.Release|Any CPU.Build.0 = Release|Any CPU
		{585623C2-213E-4E22-B8CA-DFBC14E1CFBB}.Test|Any CPU.ActiveCfg = Debug|Any CPU
		{585623C2-213E-4E22-B8CA-DFBC14E1CFBB}.Test|Any CPU.Build.0 = Debug|Any CPU
		{D74C8EB0-EB83-4EB1-A05A-E453525F2FA8}.Alpha|Any CPU.ActiveCfg = Release|Any CPU
		{D74C8EB0-EB83-4EB1-A05A-E453525F2FA8}.Alpha|Any CPU.Build.0 = Release|Any CPU
		{D74C8EB0-EB83-4EB1-A05A-E453525F2FA8}.Beta|Any CPU.ActiveCfg = Release|Any CPU
		{D74C8EB0-EB83-4EB1-A05A-E453525F2FA8}.Beta|Any CPU.Build.0 = Release|Any CPU
		{D74C8EB0-EB83-4EB1-A05A-E453525F2FA8}.Debug|Any CPU.ActiveCfg = Debug|Any CPU
		{D74C8EB0-EB83-4EB1-A05A-E453525F2FA8}.Debug|Any CPU.Build.0 = Debug|Any CPU
		{D74C8EB0-EB83-4EB1-A05A-E453525F2FA8}.Release|Any CPU.ActiveCfg = Release|Any CPU
		{D74C8EB0-EB83-4EB1-A05A-E453525F2FA8}.Release|Any CPU.Build.0 = Release|Any CPU
		{D74C8EB0-EB83-4EB1-A05A-E453525F2FA8}.Test|Any CPU.ActiveCfg = Debug|Any CPU
		{D74C8EB0-EB83-4EB1-A05A-E453525F2FA8}.Test|Any CPU.Build.0 = Debug|Any CPU
		{3A358217-F97A-4F30-963B-53C252A44C38}.Alpha|Any CPU.ActiveCfg = Release|Any CPU
		{3A358217-F97A-4F30-963B-53C252A44C38}.Alpha|Any CPU.Build.0 = Release|Any CPU
		{3A358217-F97A-4F30-963B-53C252A44C38}.Beta|Any CPU.ActiveCfg = Release|Any CPU
		{3A358217-F97A-4F30-963B-53C252A44C38}.Beta|Any CPU.Build.0 = Release|Any CPU
		{3A358217-F97A-4F30-963B-53C252A44C38}.Debug|Any CPU.ActiveCfg = Debug|Any CPU
		{3A358217-F97A-4F30-963B-53C252A44C38}.Debug|Any CPU.Build.0 = Debug|Any CPU
		{3A358217-F97A-4F30-963B-53C252A44C38}.Release|Any CPU.ActiveCfg = Release|Any CPU
		{3A358217-F97A-4F30-963B-53C252A44C38}.Release|Any CPU.Build.0 = Release|Any CPU
		{3A358217-F97A-4F30-963B-53C252A44C38}.Test|Any CPU.ActiveCfg = Release|Any CPU
		{3A358217-F97A-4F30-963B-53C252A44C38}.Test|Any CPU.Build.0 = Release|Any CPU
	EndGlobalSection
	GlobalSection(SolutionProperties) = preSolution
		HideSolutionNode = FALSE
	EndGlobalSection
	GlobalSection(NestedProjects) = preSolution
		{40E9D78F-5AEA-4B6C-A16B-02E764CCB3BB} = {63968A28-787B-4411-A05E-EBF3D6A7A8E6}
		{44A007F5-0BDA-466D-956F-142426E5D707} = {329ACF41-3F1B-42DF-9804-2B1FAA9F3192}
		{3A358217-F97A-4F30-963B-53C252A44C38} = {329ACF41-3F1B-42DF-9804-2B1FAA9F3192}
	EndGlobalSection
	GlobalSection(ExtensibilityGlobals) = postSolution
		SolutionGuid = {580CD732-4F17-44C8-AA40-87538AF59BA8}
	EndGlobalSection
EndGlobal
